
Microsoft Visual Studio Solution File, Format Version 12.00
# Visual Studio Version 16
VisualStudioVersion = 16.0.29025.244
MinimumVisualStudioVersion = 10.0.40219.1
Project("{FAE04EC0-301F-11D3-BF4B-00C04F79EFBC}") = "salchipapa", "salchipapa\salchipapa.csproj", "{B9D16962-02DA-4FC6-B578-9599BC3910B9}"
EndProject
Global
	GlobalSection(SolutionConfigurationPlatforms) = preSolution
		Debug|Any CPU = Debug|Any CPU
		Release|Any CPU = Release|Any CPU
	EndGlobalSection
	GlobalSection(ProjectConfigurationPlatforms) = postSolution
		{B9D16962-02DA-4FC6-B578-9599BC3910B9}.Debug|Any CPU.ActiveCfg = Debug|Any CPU
		{B9D16962-02DA-4FC6-B578-9599BC3910B9}.Debug|Any CPU.Build.0 = Debug|Any CPU
		{B9D16962-02DA-4FC6-B578-9599BC3910B9}.Release|Any CPU.ActiveCfg = Release|Any CPU
		{B9D16962-02DA-4FC6-B578-9599BC3910B9}.Release|Any CPU.Build.0 = Release|Any CPU
	EndGlobalSection
	GlobalSection(SolutionProperties) = preSolution
		HideSolutionNode = FALSE
	EndGlobalSection
	GlobalSection(ExtensibilityGlobals) = postSolution
		SolutionGuid = {FA1B0CC7-4850-4349-AE1E-C91AD60D3E86}
	EndGlobalSection
EndGlobal
